
Microsoft Visual Studio Solution File, Format Version 12.00
# Visual Studio Version 16
VisualStudioVersion = 16.0.31129.286
MinimumVisualStudioVersion = 10.0.40219.1
Project("{FAE04EC0-301F-11D3-BF4B-00C04F79EFBC}") = "ex4-3", "ex4-3.csproj", "{64B8AA44-6ED6-4301-9434-E70037434897}"
EndProject
Global
	GlobalSection(SolutionConfigurationPlatforms) = preSolution
		Debug|Any CPU = Debug|Any CPU
		Release|Any CPU = Release|Any CPU
	EndGlobalSection
	GlobalSection(ProjectConfigurationPlatforms) = postSolution
		{64B8AA44-6ED6-4301-9434-E70037434897}.Debug|Any CPU.ActiveCfg = Debug|Any CPU
		{64B8AA44-6ED6-4301-9434-E70037434897}.Debug|Any CPU.Build.0 = Debug|Any CPU
		{64B8AA44-6ED6-4301-9434-E70037434897}.Release|Any CPU.ActiveCfg = Release|Any CPU
		{64B8AA44-6ED6-4301-9434-E70037434897}.Release|Any CPU.Build.0 = Release|Any CPU
	EndGlobalSection
	GlobalSection(SolutionProperties) = preSolution
		HideSolutionNode = FALSE
	EndGlobalSection
	GlobalSection(ExtensibilityGlobals) = postSolution
		SolutionGuid = {9900D63F-8076-42F1-B76A-14097836957A}
	EndGlobalSection
EndGlobal
